
Microsoft Visual Studio Solution File, Format Version 12.00
Project("{FAE04EC0-301F-11D3-BF4B-00C04F79EFBC}") = "AgendaPro.Web", "AgendaPro.Web\AgendaPro.Web.csproj", "{D73CB88D-E9FB-4E45-BB2B-30E153D1E0F5}"
EndProject
Project("{FAE04EC0-301F-11D3-BF4B-00C04F79EFBC}") = "AgendaPro.Domain", "AgendaPro.Domain\AgendaPro.Domain.csproj", "{0E822DD0-22EB-4833-8F65-706012EAC2C3}"
EndProject
Project("{FAE04EC0-301F-11D3-BF4B-00C04F79EFBC}") = "AgendaPro.Infrastructure", "AgendaPro.Infrastructure\AgendaPro.Infrastructure.csproj", "{E475A8BC-105D-4EB6-996D-1A9BCFE11913}"
EndProject
Project("{FAE04EC0-301F-11D3-BF4B-00C04F79EFBC}") = "AgendaPro.Tests", "AgendaPro.Tests\AgendaPro.Tests.csproj", "{B7BAD9EC-A3BC-440C-BC2E-EE0001D7B7B2}"
EndProject
Global
	GlobalSection(SolutionConfigurationPlatforms) = preSolution
		Debug|Any CPU = Debug|Any CPU
		Release|Any CPU = Release|Any CPU
	EndGlobalSection
	GlobalSection(ProjectConfigurationPlatforms) = postSolution
		{D73CB88D-E9FB-4E45-BB2B-30E153D1E0F5}.Debug|Any CPU.ActiveCfg = Debug|Any CPU
		{D73CB88D-E9FB-4E45-BB2B-30E153D1E0F5}.Debug|Any CPU.Build.0 = Debug|Any CPU
		{D73CB88D-E9FB-4E45-BB2B-30E153D1E0F5}.Release|Any CPU.ActiveCfg = Release|Any CPU
		{D73CB88D-E9FB-4E45-BB2B-30E153D1E0F5}.Release|Any CPU.Build.0 = Release|Any CPU
		{0E822DD0-22EB-4833-8F65-706012EAC2C3}.Debug|Any CPU.ActiveCfg = Debug|Any CPU
		{0E822DD0-22EB-4833-8F65-706012EAC2C3}.Debug|Any CPU.Build.0 = Debug|Any CPU
		{0E822DD0-22EB-4833-8F65-706012EAC2C3}.Release|Any CPU.ActiveCfg = Release|Any CPU
		{0E822DD0-22EB-4833-8F65-706012EAC2C3}.Release|Any CPU.Build.0 = Release|Any CPU
		{E475A8BC-105D-4EB6-996D-1A9BCFE11913}.Debug|Any CPU.ActiveCfg = Debug|Any CPU
		{E475A8BC-105D-4EB6-996D-1A9BCFE11913}.Debug|Any CPU.Build.0 = Debug|Any CPU
		{E475A8BC-105D-4EB6-996D-1A9BCFE11913}.Release|Any CPU.ActiveCfg = Release|Any CPU
		{E475A8BC-105D-4EB6-996D-1A9BCFE11913}.Release|Any CPU.Build.0 = Release|Any CPU
		{B7BAD9EC-A3BC-440C-BC2E-EE0001D7B7B2}.Debug|Any CPU.ActiveCfg = Debug|Any CPU
		{B7BAD9EC-A3BC-440C-BC2E-EE0001D7B7B2}.Debug|Any CPU.Build.0 = Debug|Any CPU
		{B7BAD9EC-A3BC-440C-BC2E-EE0001D7B7B2}.Release|Any CPU.ActiveCfg = Release|Any CPU
		{B7BAD9EC-A3BC-440C-BC2E-EE0001D7B7B2}.Release|Any CPU.Build.0 = Release|Any CPU
	EndGlobalSection
EndGlobal
